
Microsoft Visual Studio Solution File, Format Version 12.00
# Visual Studio 15
VisualStudioVersion = 15.0.27703.2035
MinimumVisualStudioVersion = 10.0.40219.1
Project("{2150E333-8FDC-42A3-9474-1A3956D46DE8}") = "BuildingBlocks", "BuildingBlocks", "{51D63214-6BB1-44A5-BF46-D42F09FDC9C2}"
EndProject
Project("{2150E333-8FDC-42A3-9474-1A3956D46DE8}") = "Payment", "Payment", "{C11DF3FB-F02A-4CDC-9FFA-2D71E917E6B1}"
EndProject
Project("{2150E333-8FDC-42A3-9474-1A3956D46DE8}") = "Email", "Email", "{963DC78F-EBD8-4C61-8CC4-716A120C23A5}"
EndProject
Project("{2150E333-8FDC-42A3-9474-1A3956D46DE8}") = "Identity", "Identity", "{65D54AE4-EE74-4A41-9A33-CAA30A42A1B8}"
EndProject
Project("{9A19103F-16F7-4668-BE54-9A1E7A4F7556}") = "JwtFactory", "..\..\BuldingBlocks\JwtFactory\JwtFactory.csproj", "{C90B0098-FA7F-4023-AB52-905A79EF0459}"
EndProject
Project("{2150E333-8FDC-42A3-9474-1A3956D46DE8}") = "Visitante", "Visitante", "{7DFE0810-4120-42AC-ADE0-3AE4337E1BC5}"
EndProject
Project("{2150E333-8FDC-42A3-9474-1A3956D46DE8}") = "Domain", "Domain", "{ACF33DB7-B0D4-41CF-953D-028B7D34EDAC}"
EndProject
Project("{9A19103F-16F7-4668-BE54-9A1E7A4F7556}") = "EasyWeb.Domain.Core", "..\..\EasyWeb.Domain.Core\EasyWeb.Domain.Core.csproj", "{63F6DDCA-E0D7-452F-92D3-376945C977A7}"
EndProject
Project("{2150E333-8FDC-42A3-9474-1A3956D46DE8}") = "Services", "Services", "{3F7428B6-AC87-44F6-AA53-38B6AF0BB008}"
EndProject
Project("{9A19103F-16F7-4668-BE54-9A1E7A4F7556}") = "Visitante.API", "Visitante\Visitante.API\Visitante.API.csproj", "{61A1B267-80B1-4A8E-92F6-15B4F75D4C6D}"
EndProject
Project("{9A19103F-16F7-4668-BE54-9A1E7A4F7556}") = "Visitante.Domain", "Visitante\Visitante.Domain\Visitante.Domain.csproj", "{1FB7B560-7D62-4BBA-8F85-BAF8108DB82C}"
EndProject
Project("{9A19103F-16F7-4668-BE54-9A1E7A4F7556}") = "Email.API", "Email\Email.API\Email.API.csproj", "{ADA54127-E4CA-4CBD-8074-D1EFD75A5683}"
EndProject
Project("{9A19103F-16F7-4668-BE54-9A1E7A4F7556}") = "Identity.API", "Identity\Identity.API\Identity.API.csproj", "{CD42E7A9-ECFC-4DA2-A74D-26777FD5D830}"
EndProject
Project("{9A19103F-16F7-4668-BE54-9A1E7A4F7556}") = "Visitante.Data", "Visitante\Visitante.Data\Visitante.Data.csproj", "{B1326C69-A855-4F95-BA5A-B1C22B09B259}"
EndProject
Project("{FAE04EC0-301F-11D3-BF4B-00C04F79EFBC}") = "Bus", "Bus\Bus.csproj", "{B615708F-86DE-45EE-920C-B7377D2BE345}"
EndProject
Global
	GlobalSection(SolutionConfigurationPlatforms) = preSolution
		Debug|Any CPU = Debug|Any CPU
		Release|Any CPU = Release|Any CPU
	EndGlobalSection
	GlobalSection(ProjectConfigurationPlatforms) = postSolution
		{C90B0098-FA7F-4023-AB52-905A79EF0459}.Debug|Any CPU.ActiveCfg = Debug|Any CPU
		{C90B0098-FA7F-4023-AB52-905A79EF0459}.Debug|Any CPU.Build.0 = Debug|Any CPU
		{C90B0098-FA7F-4023-AB52-905A79EF0459}.Release|Any CPU.ActiveCfg = Release|Any CPU
		{C90B0098-FA7F-4023-AB52-905A79EF0459}.Release|Any CPU.Build.0 = Release|Any CPU
		{63F6DDCA-E0D7-452F-92D3-376945C977A7}.Debug|Any CPU.ActiveCfg = Debug|Any CPU
		{63F6DDCA-E0D7-452F-92D3-376945C977A7}.Debug|Any CPU.Build.0 = Debug|Any CPU
		{63F6DDCA-E0D7-452F-92D3-376945C977A7}.Release|Any CPU.ActiveCfg = Release|Any CPU
		{63F6DDCA-E0D7-452F-92D3-376945C977A7}.Release|Any CPU.Build.0 = Release|Any CPU
		{61A1B267-80B1-4A8E-92F6-15B4F75D4C6D}.Debug|Any CPU.ActiveCfg = Debug|Any CPU
		{61A1B267-80B1-4A8E-92F6-15B4F75D4C6D}.Debug|Any CPU.Build.0 = Debug|Any CPU
		{61A1B267-80B1-4A8E-92F6-15B4F75D4C6D}.Release|Any CPU.ActiveCfg = Release|Any CPU
		{61A1B267-80B1-4A8E-92F6-15B4F75D4C6D}.Release|Any CPU.Build.0 = Release|Any CPU
		{1FB7B560-7D62-4BBA-8F85-BAF8108DB82C}.Debug|Any CPU.ActiveCfg = Debug|Any CPU
		{1FB7B560-7D62-4BBA-8F85-BAF8108DB82C}.Debug|Any CPU.Build.0 = Debug|Any CPU
		{1FB7B560-7D62-4BBA-8F85-BAF8108DB82C}.Release|Any CPU.ActiveCfg = Release|Any CPU
		{1FB7B560-7D62-4BBA-8F85-BAF8108DB82C}.Release|Any CPU.Build.0 = Release|Any CPU
		{ADA54127-E4CA-4CBD-8074-D1EFD75A5683}.Debug|Any CPU.ActiveCfg = Debug|Any CPU
		{ADA54127-E4CA-4CBD-8074-D1EFD75A5683}.Debug|Any CPU.Build.0 = Debug|Any CPU
		{ADA54127-E4CA-4CBD-8074-D1EFD75A5683}.Release|Any CPU.ActiveCfg = Release|Any CPU
		{ADA54127-E4CA-4CBD-8074-D1EFD75A5683}.Release|Any CPU.Build.0 = Release|Any CPU
		{CD42E7A9-ECFC-4DA2-A74D-26777FD5D830}.Debug|Any CPU.ActiveCfg = Debug|Any CPU
		{CD42E7A9-ECFC-4DA2-A74D-26777FD5D830}.Debug|Any CPU.Build.0 = Debug|Any CPU
		{CD42E7A9-ECFC-4DA2-A74D-26777FD5D830}.Release|Any CPU.ActiveCfg = Release|Any CPU
		{CD42E7A9-ECFC-4DA2-A74D-26777FD5D830}.Release|Any CPU.Build.0 = Release|Any CPU
		{B1326C69-A855-4F95-BA5A-B1C22B09B259}.Debug|Any CPU.ActiveCfg = Debug|Any CPU
		{B1326C69-A855-4F95-BA5A-B1C22B09B259}.Debug|Any CPU.Build.0 = Debug|Any CPU
		{B1326C69-A855-4F95-BA5A-B1C22B09B259}.Release|Any CPU.ActiveCfg = Release|Any CPU
		{B1326C69-A855-4F95-BA5A-B1C22B09B259}.Release|Any CPU.Build.0 = Release|Any CPU
		{B615708F-86DE-45EE-920C-B7377D2BE345}.Debug|Any CPU.ActiveCfg = Debug|Any CPU
		{B615708F-86DE-45EE-920C-B7377D2BE345}.Debug|Any CPU.Build.0 = Debug|Any CPU
		{B615708F-86DE-45EE-920C-B7377D2BE345}.Release|Any CPU.ActiveCfg = Release|Any CPU
		{B615708F-86DE-45EE-920C-B7377D2BE345}.Release|Any CPU.Build.0 = Release|Any CPU
	EndGlobalSection
	GlobalSection(SolutionProperties) = preSolution
		HideSolutionNode = FALSE
	EndGlobalSection
	GlobalSection(NestedProjects) = preSolution
		{C90B0098-FA7F-4023-AB52-905A79EF0459} = {51D63214-6BB1-44A5-BF46-D42F09FDC9C2}
		{7DFE0810-4120-42AC-ADE0-3AE4337E1BC5} = {3F7428B6-AC87-44F6-AA53-38B6AF0BB008}
		{63F6DDCA-E0D7-452F-92D3-376945C977A7} = {ACF33DB7-B0D4-41CF-953D-028B7D34EDAC}
		{61A1B267-80B1-4A8E-92F6-15B4F75D4C6D} = {7DFE0810-4120-42AC-ADE0-3AE4337E1BC5}
		{1FB7B560-7D62-4BBA-8F85-BAF8108DB82C} = {7DFE0810-4120-42AC-ADE0-3AE4337E1BC5}
		{ADA54127-E4CA-4CBD-8074-D1EFD75A5683} = {963DC78F-EBD8-4C61-8CC4-716A120C23A5}
		{CD42E7A9-ECFC-4DA2-A74D-26777FD5D830} = {65D54AE4-EE74-4A41-9A33-CAA30A42A1B8}
		{B1326C69-A855-4F95-BA5A-B1C22B09B259} = {7DFE0810-4120-42AC-ADE0-3AE4337E1BC5}
		{B615708F-86DE-45EE-920C-B7377D2BE345} = {51D63214-6BB1-44A5-BF46-D42F09FDC9C2}
	EndGlobalSection
	GlobalSection(ExtensibilityGlobals) = postSolution
		SolutionGuid = {0AB67BBA-85C3-4403-8FA7-3EC49A3F51C6}
	EndGlobalSection
EndGlobal
